// !$*UTF8*$!
{
	archiveVersion = 1;
	classes = {
	};
	objectVersion = 55;
	objects = {

/* Begin PBXBuildFile section */
		613865632759703C003D3007 /* Notepad.swift in Sources */ = {isa = PBXBuildFile; fileRef = 613865622759703C003D3007 /* Notepad.swift */; };
		D006C2B627504EB800F4AF03 /* 4_Implement.swift in Sources */ = {isa = PBXBuildFile; fileRef = D006C2B527504EB800F4AF03 /* 4_Implement.swift */; };
		D02E2E15280E9A4D000FF712 /* TwoAdd.swift in Sources */ = {isa = PBXBuildFile; fileRef = D02E2E14280E9A4D000FF712 /* TwoAdd.swift */; };
		D0480A3E274F075200253EEB /* main.swift in Sources */ = {isa = PBXBuildFile; fileRef = D0480A3D274F075200253EEB /* main.swift */; };
		D0480A46274F076E00253EEB /* 3_Greedy.swift in Sources */ = {isa = PBXBuildFile; fileRef = D0480A45274F076E00253EEB /* 3_Greedy.swift */; };
		D090A47A28123F3200520700 /* Border Rotation.swift in Sources */ = {isa = PBXBuildFile; fileRef = D090A47928123F3200520700 /* Border Rotation.swift */; };
		D0B03CCF2810DCCE0008142C /* Sweat.swift in Sources */ = {isa = PBXBuildFile; fileRef = D0B03CCE2810DCCE0008142C /* Sweat.swift */; };
		D0B03CD12810F7F40008142C /* Example.swift in Sources */ = {isa = PBXBuildFile; fileRef = D0B03CD02810F7F40008142C /* Example.swift */; };
		D0B03CD328110BFF0008142C /* NumberK.swift in Sources */ = {isa = PBXBuildFile; fileRef = D0B03CD228110BFF0008142C /* NumberK.swift */; };
		D0B03CD5281139D30008142C /* RemovePair.swift in Sources */ = {isa = PBXBuildFile; fileRef = D0B03CD4281139D30008142C /* RemovePair.swift */; };
		D0C71670280FE670004B7A01 /* Lessons.swift in Sources */ = {isa = PBXBuildFile; fileRef = D0C7166F280FE670004B7A01 /* Lessons.swift */; };
		D0F0AB14275879F2003F8C56 /* 5_Search.swift in Sources */ = {isa = PBXBuildFile; fileRef = D0F0AB13275879F2003F8C56 /* 5_Search.swift */; };
		D0F0AB1B2759A439003F8C56 /* JacquardPattern.swift in Sources */ = {isa = PBXBuildFile; fileRef = D0F0AB1A2759A439003F8C56 /* JacquardPattern.swift */; };
		D0F0AB1D2759A454003F8C56 /* TargetNumber.swift in Sources */ = {isa = PBXBuildFile; fileRef = D0F0AB1C2759A454003F8C56 /* TargetNumber.swift */; };
		D0F0AB1F2759A46F003F8C56 /* NextBigNumber.swift in Sources */ = {isa = PBXBuildFile; fileRef = D0F0AB1E2759A46F003F8C56 /* NextBigNumber.swift */; };
		D0F0AB212759A484003F8C56 /* SkillTree.swift in Sources */ = {isa = PBXBuildFile; fileRef = D0F0AB202759A484003F8C56 /* SkillTree.swift */; };
		D0F0AB232759A4A1003F8C56 /* ThatSong.swift in Sources */ = {isa = PBXBuildFile; fileRef = D0F0AB222759A4A1003F8C56 /* ThatSong.swift */; };
		D0F0AB252759A4BA003F8C56 /* Tuple.swift in Sources */ = {isa = PBXBuildFile; fileRef = D0F0AB242759A4BA003F8C56 /* Tuple.swift */; };
		D0F0AB272759A4DE003F8C56 /* MaxSquare.swift in Sources */ = {isa = PBXBuildFile; fileRef = D0F0AB262759A4DE003F8C56 /* MaxSquare.swift */; };
		D0F0AB292759A4F1003F8C56 /* TurnParen.swift in Sources */ = {isa = PBXBuildFile; fileRef = D0F0AB282759A4F1003F8C56 /* TurnParen.swift */; };
		D0F0AB2B2759B45B003F8C56 /* Printer.swift in Sources */ = {isa = PBXBuildFile; fileRef = D0F0AB2A2759B45B003F8C56 /* Printer.swift */; };
		D0F0AB2D2759E6D6003F8C56 /* TriangleSnail.swift in Sources */ = {isa = PBXBuildFile; fileRef = D0F0AB2C2759E6D6003F8C56 /* TriangleSnail.swift */; };
/* End PBXBuildFile section */

/* Begin PBXCopyFilesBuildPhase section */
		D0480A38274F075200253EEB /* CopyFiles */ = {
			isa = PBXCopyFilesBuildPhase;
			buildActionMask = 2147483647;
			dstPath = /usr/share/man/man1/;
			dstSubfolderSpec = 0;
			files = (
			);
			runOnlyForDeploymentPostprocessing = 1;
		};
/* End PBXCopyFilesBuildPhase section */

/* Begin PBXFileReference section */
		613865622759703C003D3007 /* Notepad.swift */ = {isa = PBXFileReference; lastKnownFileType = sourcecode.swift; path = Notepad.swift; sourceTree = "<group>"; };
		D006C2B527504EB800F4AF03 /* 4_Implement.swift */ = {isa = PBXFileReference; lastKnownFileType = sourcecode.swift; path = "4_\bImplement.swift"; sourceTree = "<group>"; };
		D02E2E14280E9A4D000FF712 /* TwoAdd.swift */ = {isa = PBXFileReference; lastKnownFileType = sourcecode.swift; path = TwoAdd.swift; sourceTree = "<group>"; };
		D0480A3A274F075200253EEB /* Algorithm */ = {isa = PBXFileReference; explicitFileType = "compiled.mach-o.executable"; includeInIndex = 0; path = Algorithm; sourceTree = BUILT_PRODUCTS_DIR; };
		D0480A3D274F075200253EEB /* main.swift */ = {isa = PBXFileReference; lastKnownFileType = sourcecode.swift; path = main.swift; sourceTree = "<group>"; };
		D0480A45274F076E00253EEB /* 3_Greedy.swift */ = {isa = PBXFileReference; lastKnownFileType = sourcecode.swift; path = 3_Greedy.swift; sourceTree = "<group>"; };
		D090A47928123F3200520700 /* Border Rotation.swift */ = {isa = PBXFileReference; lastKnownFileType = sourcecode.swift; path = "Border Rotation.swift"; sourceTree = "<group>"; };
		D0B03CCE2810DCCE0008142C /* Sweat.swift */ = {isa = PBXFileReference; lastKnownFileType = sourcecode.swift; path = Sweat.swift; sourceTree = "<group>"; };
		D0B03CD02810F7F40008142C /* Example.swift */ = {isa = PBXFileReference; lastKnownFileType = sourcecode.swift; path = Example.swift; sourceTree = "<group>"; };
		D0B03CD228110BFF0008142C /* NumberK.swift */ = {isa = PBXFileReference; lastKnownFileType = sourcecode.swift; path = NumberK.swift; sourceTree = "<group>"; };
		D0B03CD4281139D30008142C /* RemovePair.swift */ = {isa = PBXFileReference; lastKnownFileType = sourcecode.swift; path = RemovePair.swift; sourceTree = "<group>"; };
		D0C7166F280FE670004B7A01 /* Lessons.swift */ = {isa = PBXFileReference; lastKnownFileType = sourcecode.swift; path = Lessons.swift; sourceTree = "<group>"; };
		D0F0AB13275879F2003F8C56 /* 5_Search.swift */ = {isa = PBXFileReference; lastKnownFileType = sourcecode.swift; path = 5_Search.swift; sourceTree = "<group>"; };
		D0F0AB1A2759A439003F8C56 /* JacquardPattern.swift */ = {isa = PBXFileReference; lastKnownFileType = sourcecode.swift; path = JacquardPattern.swift; sourceTree = "<group>"; };
		D0F0AB1C2759A454003F8C56 /* TargetNumber.swift */ = {isa = PBXFileReference; lastKnownFileType = sourcecode.swift; path = TargetNumber.swift; sourceTree = "<group>"; };
		D0F0AB1E2759A46F003F8C56 /* NextBigNumber.swift */ = {isa = PBXFileReference; lastKnownFileType = sourcecode.swift; path = NextBigNumber.swift; sourceTree = "<group>"; };
		D0F0AB202759A484003F8C56 /* SkillTree.swift */ = {isa = PBXFileReference; lastKnownFileType = sourcecode.swift; path = SkillTree.swift; sourceTree = "<group>"; };
		D0F0AB222759A4A1003F8C56 /* ThatSong.swift */ = {isa = PBXFileReference; lastKnownFileType = sourcecode.swift; path = ThatSong.swift; sourceTree = "<group>"; };
		D0F0AB242759A4BA003F8C56 /* Tuple.swift */ = {isa = PBXFileReference; lastKnownFileType = sourcecode.swift; path = Tuple.swift; sourceTree = "<group>"; };
		D0F0AB262759A4DE003F8C56 /* MaxSquare.swift */ = {isa = PBXFileReference; lastKnownFileType = sourcecode.swift; path = MaxSquare.swift; sourceTree = "<group>"; };
		D0F0AB282759A4F1003F8C56 /* TurnParen.swift */ = {isa = PBXFileReference; lastKnownFileType = sourcecode.swift; path = TurnParen.swift; sourceTree = "<group>"; };
		D0F0AB2A2759B45B003F8C56 /* Printer.swift */ = {isa = PBXFileReference; lastKnownFileType = sourcecode.swift; path = Printer.swift; sourceTree = "<group>"; };
		D0F0AB2C2759E6D6003F8C56 /* TriangleSnail.swift */ = {isa = PBXFileReference; lastKnownFileType = sourcecode.swift; path = TriangleSnail.swift; sourceTree = "<group>"; };
/* End PBXFileReference section */

/* Begin PBXFrameworksBuildPhase section */
		D0480A37274F075200253EEB /* Frameworks */ = {
			isa = PBXFrameworksBuildPhase;
			buildActionMask = 2147483647;
			files = (
			);
			runOnlyForDeploymentPostprocessing = 0;
		};
/* End PBXFrameworksBuildPhase section */

/* Begin PBXGroup section */
		D02E2E13280E9A1E000FF712 /* Level1 */ = {
			isa = PBXGroup;
			children = (
				D02E2E14280E9A4D000FF712 /* TwoAdd.swift */,
				D0B03CCE2810DCCE0008142C /* Sweat.swift */,
				D0B03CD02810F7F40008142C /* Example.swift */,
				D0B03CD228110BFF0008142C /* NumberK.swift */,
			);
			path = Level1;
			sourceTree = "<group>";
		};
		D0480A31274F075200253EEB = {
			isa = PBXGroup;
			children = (
				D0480A3C274F075200253EEB /* Algorithm */,
				D0480A3B274F075200253EEB /* Products */,
			);
			sourceTree = "<group>";
		};
		D0480A3B274F075200253EEB /* Products */ = {
			isa = PBXGroup;
			children = (
				D0480A3A274F075200253EEB /* Algorithm */,
			);
			name = Products;
			sourceTree = "<group>";
		};
		D0480A3C274F075200253EEB /* Algorithm */ = {
			isa = PBXGroup;
			children = (
				D0C71671280FE948004B7A01 /* Codility */,
				D0C9EFE82755C12400CB3FA4 /* ETC */,
				D0C9EFE32755A7EE00CB3FA4 /* 프로그래머스 */,
				D0480A44274F075E00253EEB /* 이것이 취업을 위한 코딩 테스트다 */,
				D0480A3D274F075200253EEB /* main.swift */,
			);
			path = Algorithm;
			sourceTree = "<group>";
		};
		D0480A44274F075E00253EEB /* 이것이 취업을 위한 코딩 테스트다 */ = {
			isa = PBXGroup;
			children = (
				D0480A45274F076E00253EEB /* 3_Greedy.swift */,
				D006C2B527504EB800F4AF03 /* 4_Implement.swift */,
				D0F0AB13275879F2003F8C56 /* 5_Search.swift */,
			);
			name = "이것이 취업을 위한 코딩 테스트다";
			path = "이것이 취업을 위한 코딩 테스트다";
			sourceTree = "<group>";
		};
		D0C71671280FE948004B7A01 /* Codility */ = {
			isa = PBXGroup;
			children = (
				D0C7166F280FE670004B7A01 /* Lessons.swift */,
			);
			path = Codility;
			sourceTree = "<group>";
		};
		D0C9EFE32755A7EE00CB3FA4 /* 프로그래머스 */ = {
			isa = PBXGroup;
			children = (
				D02E2E13280E9A1E000FF712 /* Level1 */,
				D0F0AB192759A425003F8C56 /* Level2 */,
				613865622759703C003D3007 /* Notepad.swift */,
			);
			name = "프로그래머스";
			path = "프로그래머스";
			sourceTree = "<group>";
		};
		D0C9EFE82755C12400CB3FA4 /* ETC */ = {
			isa = PBXGroup;
			children = (
			);
			path = ETC;
			sourceTree = "<group>";
		};
		D0F0AB192759A425003F8C56 /* Level2 */ = {
			isa = PBXGroup;
			children = (
				D0F0AB1A2759A439003F8C56 /* JacquardPattern.swift */,
				D0F0AB1C2759A454003F8C56 /* TargetNumber.swift */,
				D0F0AB1E2759A46F003F8C56 /* NextBigNumber.swift */,
				D0F0AB202759A484003F8C56 /* SkillTree.swift */,
				D0F0AB222759A4A1003F8C56 /* ThatSong.swift */,
				D0F0AB242759A4BA003F8C56 /* Tuple.swift */,
				D0F0AB262759A4DE003F8C56 /* MaxSquare.swift */,
				D0F0AB282759A4F1003F8C56 /* TurnParen.swift */,
				D0F0AB2A2759B45B003F8C56 /* Printer.swift */,
				D0F0AB2C2759E6D6003F8C56 /* TriangleSnail.swift */,
				D0B03CD4281139D30008142C /* RemovePair.swift */,
				D090A47928123F3200520700 /* Border Rotation.swift */,
			);
			path = Level2;
			sourceTree = "<group>";
		};
/* End PBXGroup section */

/* Begin PBXNativeTarget section */
		D0480A39274F075200253EEB /* Algorithm */ = {
			isa = PBXNativeTarget;
			buildConfigurationList = D0480A41274F075200253EEB /* Build configuration list for PBXNativeTarget "Algorithm" */;
			buildPhases = (
				D0480A36274F075200253EEB /* Sources */,
				D0480A37274F075200253EEB /* Frameworks */,
				D0480A38274F075200253EEB /* CopyFiles */,
			);
			buildRules = (
			);
			dependencies = (
			);
			name = Algorithm;
			productName = Algorithm;
			productReference = D0480A3A274F075200253EEB /* Algorithm */;
			productType = "com.apple.product-type.tool";
		};
/* End PBXNativeTarget section */

/* Begin PBXProject section */
		D0480A32274F075200253EEB /* Project object */ = {
			isa = PBXProject;
			attributes = {
				BuildIndependentTargetsInParallel = 1;
				LastSwiftUpdateCheck = 1310;
				LastUpgradeCheck = 1310;
				TargetAttributes = {
					D0480A39274F075200253EEB = {
						CreatedOnToolsVersion = 13.1;
					};
				};
			};
			buildConfigurationList = D0480A35274F075200253EEB /* Build configuration list for PBXProject "Algorithm" */;
			compatibilityVersion = "Xcode 13.0";
			developmentRegion = en;
			hasScannedForEncodings = 0;
			knownRegions = (
				en,
				Base,
			);
			mainGroup = D0480A31274F075200253EEB;
			productRefGroup = D0480A3B274F075200253EEB /* Products */;
			projectDirPath = "";
			projectRoot = "";
			targets = (
				D0480A39274F075200253EEB /* Algorithm */,
			);
		};
/* End PBXProject section */

/* Begin PBXSourcesBuildPhase section */
		D0480A36274F075200253EEB /* Sources */ = {
			isa = PBXSourcesBuildPhase;
			buildActionMask = 2147483647;
			files = (
				D006C2B627504EB800F4AF03 /* 4_Implement.swift in Sources */,
				613865632759703C003D3007 /* Notepad.swift in Sources */,
				D02E2E15280E9A4D000FF712 /* TwoAdd.swift in Sources */,
				D0F0AB272759A4DE003F8C56 /* MaxSquare.swift in Sources */,
				D0C71670280FE670004B7A01 /* Lessons.swift in Sources */,
				D0F0AB2D2759E6D6003F8C56 /* TriangleSnail.swift in Sources */,
				D0B03CCF2810DCCE0008142C /* Sweat.swift in Sources */,
				D0480A3E274F075200253EEB /* main.swift in Sources */,
				D0F0AB252759A4BA003F8C56 /* Tuple.swift in Sources */,
				D0F0AB1B2759A439003F8C56 /* JacquardPattern.swift in Sources */,
				D0F0AB2B2759B45B003F8C56 /* Printer.swift in Sources */,
				D0F0AB292759A4F1003F8C56 /* TurnParen.swift in Sources */,
				D0F0AB1D2759A454003F8C56 /* TargetNumber.swift in Sources */,
				D0B03CD12810F7F40008142C /* Example.swift in Sources */,
				D0F0AB232759A4A1003F8C56 /* ThatSong.swift in Sources */,
				D0F0AB14275879F2003F8C56 /* 5_Search.swift in Sources */,
				D090A47A28123F3200520700 /* Border Rotation.swift in Sources */,
				D0F0AB212759A484003F8C56 /* SkillTree.swift in Sources */,
				D0B03CD328110BFF0008142C /* NumberK.swift in Sources */,
				D0F0AB1F2759A46F003F8C56 /* NextBigNumber.swift in Sources */,
				D0B03CD5281139D30008142C /* RemovePair.swift in Sources */,
				D0480A46274F076E00253EEB /* 3_Greedy.swift in Sources */,
			);
			runOnlyForDeploymentPostprocessing = 0;
		};
/* End PBXSourcesBuildPhase section */

/* Begin XCBuildConfiguration section */
		D0480A3F274F075200253EEB /* Debug */ = {
			isa = XCBuildConfiguration;
			buildSettings = {
				ALWAYS_SEARCH_USER_PATHS = NO;
				CLANG_ANALYZER_NONNULL = YES;
				CLANG_ANALYZER_NUMBER_OBJECT_CONVERSION = YES_AGGRESSIVE;
				CLANG_CXX_LANGUAGE_STANDARD = "gnu++17";
				CLANG_CXX_LIBRARY = "libc++";
				CLANG_ENABLE_MODULES = YES;
				CLANG_ENABLE_OBJC_ARC = YES;
				CLANG_ENABLE_OBJC_WEAK = YES;
				CLANG_WARN_BLOCK_CAPTURE_AUTORELEASING = YES;
				CLANG_WARN_BOOL_CONVERSION = YES;
				CLANG_WARN_COMMA = YES;
				CLANG_WARN_CONSTANT_CONVERSION = YES;
				CLANG_WARN_DEPRECATED_OBJC_IMPLEMENTATIONS = YES;
				CLANG_WARN_DIRECT_OBJC_ISA_USAGE = YES_ERROR;
				CLANG_WARN_DOCUMENTATION_COMMENTS = YES;
				CLANG_WARN_EMPTY_BODY = YES;
				CLANG_WARN_ENUM_CONVERSION = YES;
				CLANG_WARN_INFINITE_RECURSION = YES;
				CLANG_WARN_INT_CONVERSION = YES;
				CLANG_WARN_NON_LITERAL_NULL_CONVERSION = YES;
				CLANG_WARN_OBJC_IMPLICIT_RETAIN_SELF = YES;
				CLANG_WARN_OBJC_LITERAL_CONVERSION = YES;
				CLANG_WARN_OBJC_ROOT_CLASS = YES_ERROR;
				CLANG_WARN_QUOTED_INCLUDE_IN_FRAMEWORK_HEADER = YES;
				CLANG_WARN_RANGE_LOOP_ANALYSIS = YES;
				CLANG_WARN_STRICT_PROTOTYPES = YES;
				CLANG_WARN_SUSPICIOUS_MOVE = YES;
				CLANG_WARN_UNGUARDED_AVAILABILITY = YES_AGGRESSIVE;
				CLANG_WARN_UNREACHABLE_CODE = YES;
				CLANG_WARN__DUPLICATE_METHOD_MATCH = YES;
				COPY_PHASE_STRIP = NO;
				DEBUG_INFORMATION_FORMAT = dwarf;
				ENABLE_STRICT_OBJC_MSGSEND = YES;
				ENABLE_TESTABILITY = YES;
				GCC_C_LANGUAGE_STANDARD = gnu11;
				GCC_DYNAMIC_NO_PIC = NO;
				GCC_NO_COMMON_BLOCKS = YES;
				GCC_OPTIMIZATION_LEVEL = 0;
				GCC_PREPROCESSOR_DEFINITIONS = (
					"DEBUG=1",
					"$(inherited)",
				);
				GCC_WARN_64_TO_32_BIT_CONVERSION = YES;
				GCC_WARN_ABOUT_RETURN_TYPE = YES_ERROR;
				GCC_WARN_UNDECLARED_SELECTOR = YES;
				GCC_WARN_UNINITIALIZED_AUTOS = YES_AGGRESSIVE;
				GCC_WARN_UNUSED_FUNCTION = YES;
				GCC_WARN_UNUSED_VARIABLE = YES;
				MACOSX_DEPLOYMENT_TARGET = 12.0;
				MTL_ENABLE_DEBUG_INFO = INCLUDE_SOURCE;
				MTL_FAST_MATH = YES;
				ONLY_ACTIVE_ARCH = YES;
				SDKROOT = macosx;
				SWIFT_ACTIVE_COMPILATION_CONDITIONS = DEBUG;
				SWIFT_OPTIMIZATION_LEVEL = "-Onone";
			};
			name = Debug;
		};
		D0480A40274F075200253EEB /* Release */ = {
			isa = XCBuildConfiguration;
			buildSettings = {
				ALWAYS_SEARCH_USER_PATHS = NO;
				CLANG_ANALYZER_NONNULL = YES;
				CLANG_ANALYZER_NUMBER_OBJECT_CONVERSION = YES_AGGRESSIVE;
				CLANG_CXX_LANGUAGE_STANDARD = "gnu++17";
				CLANG_CXX_LIBRARY = "libc++";
				CLANG_ENABLE_MODULES = YES;
				CLANG_ENABLE_OBJC_ARC = YES;
				CLANG_ENABLE_OBJC_WEAK = YES;
				CLANG_WARN_BLOCK_CAPTURE_AUTORELEASING = YES;
				CLANG_WARN_BOOL_CONVERSION = YES;
				CLANG_WARN_COMMA = YES;
				CLANG_WARN_CONSTANT_CONVERSION = YES;
				CLANG_WARN_DEPRECATED_OBJC_IMPLEMENTATIONS = YES;
				CLANG_WARN_DIRECT_OBJC_ISA_USAGE = YES_ERROR;
				CLANG_WARN_DOCUMENTATION_COMMENTS = YES;
				CLANG_WARN_EMPTY_BODY = YES;
				CLANG_WARN_ENUM_CONVERSION = YES;
				CLANG_WARN_INFINITE_RECURSION = YES;
				CLANG_WARN_INT_CONVERSION = YES;
				CLANG_WARN_NON_LITERAL_NULL_CONVERSION = YES;
				CLANG_WARN_OBJC_IMPLICIT_RETAIN_SELF = YES;
				CLANG_WARN_OBJC_LITERAL_CONVERSION = YES;
				CLANG_WARN_OBJC_ROOT_CLASS = YES_ERROR;
				CLANG_WARN_QUOTED_INCLUDE_IN_FRAMEWORK_HEADER = YES;
				CLANG_WARN_RANGE_LOOP_ANALYSIS = YES;
				CLANG_WARN_STRICT_PROTOTYPES = YES;
				CLANG_WARN_SUSPICIOUS_MOVE = YES;
				CLANG_WARN_UNGUARDED_AVAILABILITY = YES_AGGRESSIVE;
				CLANG_WARN_UNREACHABLE_CODE = YES;
				CLANG_WARN__DUPLICATE_METHOD_MATCH = YES;
				COPY_PHASE_STRIP = NO;
				DEBUG_INFORMATION_FORMAT = "dwarf-with-dsym";
				ENABLE_NS_ASSERTIONS = NO;
				ENABLE_STRICT_OBJC_MSGSEND = YES;
				GCC_C_LANGUAGE_STANDARD = gnu11;
				GCC_NO_COMMON_BLOCKS = YES;
				GCC_WARN_64_TO_32_BIT_CONVERSION = YES;
				GCC_WARN_ABOUT_RETURN_TYPE = YES_ERROR;
				GCC_WARN_UNDECLARED_SELECTOR = YES;
				GCC_WARN_UNINITIALIZED_AUTOS = YES_AGGRESSIVE;
				GCC_WARN_UNUSED_FUNCTION = YES;
				GCC_WARN_UNUSED_VARIABLE = YES;
				MACOSX_DEPLOYMENT_TARGET = 12.0;
				MTL_ENABLE_DEBUG_INFO = NO;
				MTL_FAST_MATH = YES;
				SDKROOT = macosx;
				SWIFT_COMPILATION_MODE = wholemodule;
				SWIFT_OPTIMIZATION_LEVEL = "-O";
			};
			name = Release;
		};
		D0480A42274F075200253EEB /* Debug */ = {
			isa = XCBuildConfiguration;
			buildSettings = {
				CODE_SIGN_STYLE = Automatic;
				PRODUCT_NAME = "$(TARGET_NAME)";
				SWIFT_VERSION = 5.0;
			};
			name = Debug;
		};
		D0480A43274F075200253EEB /* Release */ = {
			isa = XCBuildConfiguration;
			buildSettings = {
				CODE_SIGN_STYLE = Automatic;
				PRODUCT_NAME = "$(TARGET_NAME)";
				SWIFT_VERSION = 5.0;
			};
			name = Release;
		};
/* End XCBuildConfiguration section */

/* Begin XCConfigurationList section */
		D0480A35274F075200253EEB /* Build configuration list for PBXProject "Algorithm" */ = {
			isa = XCConfigurationList;
			buildConfigurations = (
				D0480A3F274F075200253EEB /* Debug */,
				D0480A40274F075200253EEB /* Release */,
			);
			defaultConfigurationIsVisible = 0;
			defaultConfigurationName = Release;
		};
		D0480A41274F075200253EEB /* Build configuration list for PBXNativeTarget "Algorithm" */ = {
			isa = XCConfigurationList;
			buildConfigurations = (
				D0480A42274F075200253EEB /* Debug */,
				D0480A43274F075200253EEB /* Release */,
			);
			defaultConfigurationIsVisible = 0;
			defaultConfigurationName = Release;
		};
/* End XCConfigurationList section */
	};
	rootObject = D0480A32274F075200253EEB /* Project object */;
}
