// !$*UTF8*$!
{
	archiveVersion = 1;
	classes = {
	};
	objectVersion = 55;
	objects = {

/* Begin PBXBuildFile section */
		613865632759703C003D3007 /* Level2.swift in Sources */ = {isa = PBXBuildFile; fileRef = 613865622759703C003D3007 /* Level2.swift */; };
		D006C2B627504EB800F4AF03 /* 4_Implement.swift in Sources */ = {isa = PBXBuildFile; fileRef = D006C2B527504EB800F4AF03 /* 4_Implement.swift */; };
		D0480A3E274F075200253EEB /* main.swift in Sources */ = {isa = PBXBuildFile; fileRef = D0480A3D274F075200253EEB /* main.swift */; };
		D0480A46274F076E00253EEB /* 3_Greedy.swift in Sources */ = {isa = PBXBuildFile; fileRef = D0480A45274F076E00253EEB /* 3_Greedy.swift */; };
		D0C9EFE52755A80000CB3FA4 /* Stack.swift in Sources */ = {isa = PBXBuildFile; fileRef = D0C9EFE42755A80000CB3FA4 /* Stack.swift */; };
		D0C9EFE72755A91300CB3FA4 /* NotClear.swift in Sources */ = {isa = PBXBuildFile; fileRef = D0C9EFE62755A91300CB3FA4 /* NotClear.swift */; };
		D0C9EFEA2755C12E00CB3FA4 /* notepad.swift in Sources */ = {isa = PBXBuildFile; fileRef = D0C9EFE92755C12E00CB3FA4 /* notepad.swift */; };
		D0C9EFEC27583D5000CB3FA4 /* DynamicProgramming.swift in Sources */ = {isa = PBXBuildFile; fileRef = D0C9EFEB27583D5000CB3FA4 /* DynamicProgramming.swift */; };
		D0F0AB1027584D51003F8C56 /* Greedy.swift in Sources */ = {isa = PBXBuildFile; fileRef = D0F0AB0F27584D51003F8C56 /* Greedy.swift */; };
		D0F0AB14275879F2003F8C56 /* 5_Search.swift in Sources */ = {isa = PBXBuildFile; fileRef = D0F0AB13275879F2003F8C56 /* 5_Search.swift */; };
/* End PBXBuildFile section */

/* Begin PBXCopyFilesBuildPhase section */
		D0480A38274F075200253EEB /* CopyFiles */ = {
			isa = PBXCopyFilesBuildPhase;
			buildActionMask = 2147483647;
			dstPath = /usr/share/man/man1/;
			dstSubfolderSpec = 0;
			files = (
			);
			runOnlyForDeploymentPostprocessing = 1;
		};
/* End PBXCopyFilesBuildPhase section */

/* Begin PBXFileReference section */
		613865622759703C003D3007 /* Level2.swift */ = {isa = PBXFileReference; lastKnownFileType = sourcecode.swift; path = Level2.swift; sourceTree = "<group>"; };
		D006C2B527504EB800F4AF03 /* 4_Implement.swift */ = {isa = PBXFileReference; lastKnownFileType = sourcecode.swift; path = "4_\bImplement.swift"; sourceTree = "<group>"; };
		D0480A3A274F075200253EEB /* Algorithm */ = {isa = PBXFileReference; explicitFileType = "compiled.mach-o.executable"; includeInIndex = 0; path = Algorithm; sourceTree = BUILT_PRODUCTS_DIR; };
		D0480A3D274F075200253EEB /* main.swift */ = {isa = PBXFileReference; lastKnownFileType = sourcecode.swift; path = main.swift; sourceTree = "<group>"; };
		D0480A45274F076E00253EEB /* 3_Greedy.swift */ = {isa = PBXFileReference; lastKnownFileType = sourcecode.swift; path = 3_Greedy.swift; sourceTree = "<group>"; };
		D0C9EFE42755A80000CB3FA4 /* Stack.swift */ = {isa = PBXFileReference; lastKnownFileType = sourcecode.swift; path = Stack.swift; sourceTree = "<group>"; };
		D0C9EFE62755A91300CB3FA4 /* NotClear.swift */ = {isa = PBXFileReference; lastKnownFileType = sourcecode.swift; path = NotClear.swift; sourceTree = "<group>"; };
		D0C9EFE92755C12E00CB3FA4 /* notepad.swift */ = {isa = PBXFileReference; lastKnownFileType = sourcecode.swift; path = notepad.swift; sourceTree = "<group>"; };
		D0C9EFEB27583D5000CB3FA4 /* DynamicProgramming.swift */ = {isa = PBXFileReference; lastKnownFileType = sourcecode.swift; path = DynamicProgramming.swift; sourceTree = "<group>"; };
		D0F0AB0F27584D51003F8C56 /* Greedy.swift */ = {isa = PBXFileReference; lastKnownFileType = sourcecode.swift; path = Greedy.swift; sourceTree = "<group>"; };
		D0F0AB13275879F2003F8C56 /* 5_Search.swift */ = {isa = PBXFileReference; lastKnownFileType = sourcecode.swift; path = 5_Search.swift; sourceTree = "<group>"; };
/* End PBXFileReference section */

/* Begin PBXFrameworksBuildPhase section */
		D0480A37274F075200253EEB /* Frameworks */ = {
			isa = PBXFrameworksBuildPhase;
			buildActionMask = 2147483647;
			files = (
			);
			runOnlyForDeploymentPostprocessing = 0;
		};
/* End PBXFrameworksBuildPhase section */

/* Begin PBXGroup section */
		D0480A31274F075200253EEB = {
			isa = PBXGroup;
			children = (
				D0480A3C274F075200253EEB /* Algorithm */,
				D0480A3B274F075200253EEB /* Products */,
			);
			sourceTree = "<group>";
		};
		D0480A3B274F075200253EEB /* Products */ = {
			isa = PBXGroup;
			children = (
				D0480A3A274F075200253EEB /* Algorithm */,
			);
			name = Products;
			sourceTree = "<group>";
		};
		D0480A3C274F075200253EEB /* Algorithm */ = {
			isa = PBXGroup;
			children = (
				D0C9EFE82755C12400CB3FA4 /* ETC */,
				D0C9EFE32755A7EE00CB3FA4 /* 프로그래머스 */,
				D0480A44274F075E00253EEB /* 이것이 취업을 위한 코딩 테스트다 */,
				D0480A3D274F075200253EEB /* main.swift */,
			);
			path = Algorithm;
			sourceTree = "<group>";
		};
		D0480A44274F075E00253EEB /* 이것이 취업을 위한 코딩 테스트다 */ = {
			isa = PBXGroup;
			children = (
				D0480A45274F076E00253EEB /* 3_Greedy.swift */,
				D006C2B527504EB800F4AF03 /* 4_Implement.swift */,
				D0F0AB13275879F2003F8C56 /* 5_Search.swift */,
			);
			name = "이것이 취업을 위한 코딩 테스트다";
			path = "이것이 취업을 위한 코딩 테스트다";
			sourceTree = "<group>";
		};
		D0C9EFE32755A7EE00CB3FA4 /* 프로그래머스 */ = {
			isa = PBXGroup;
			children = (
				D0C9EFE42755A80000CB3FA4 /* Stack.swift */,
				D0C9EFE62755A91300CB3FA4 /* NotClear.swift */,
				D0C9EFEB27583D5000CB3FA4 /* DynamicProgramming.swift */,
				D0F0AB0F27584D51003F8C56 /* Greedy.swift */,
				613865622759703C003D3007 /* Level2.swift */,
			);
			name = "프로그래머스";
			path = "프로그래머스";
			sourceTree = "<group>";
		};
		D0C9EFE82755C12400CB3FA4 /* ETC */ = {
			isa = PBXGroup;
			children = (
				D0C9EFE92755C12E00CB3FA4 /* notepad.swift */,
			);
			path = ETC;
			sourceTree = "<group>";
		};
/* End PBXGroup section */

/* Begin PBXNativeTarget section */
		D0480A39274F075200253EEB /* Algorithm */ = {
			isa = PBXNativeTarget;
			buildConfigurationList = D0480A41274F075200253EEB /* Build configuration list for PBXNativeTarget "Algorithm" */;
			buildPhases = (
				D0480A36274F075200253EEB /* Sources */,
				D0480A37274F075200253EEB /* Frameworks */,
				D0480A38274F075200253EEB /* CopyFiles */,
			);
			buildRules = (
			);
			dependencies = (
			);
			name = Algorithm;
			productName = Algorithm;
			productReference = D0480A3A274F075200253EEB /* Algorithm */;
			productType = "com.apple.product-type.tool";
		};
/* End PBXNativeTarget section */

/* Begin PBXProject section */
		D0480A32274F075200253EEB /* Project object */ = {
			isa = PBXProject;
			attributes = {
				BuildIndependentTargetsInParallel = 1;
				LastSwiftUpdateCheck = 1310;
				LastUpgradeCheck = 1310;
				TargetAttributes = {
					D0480A39274F075200253EEB = {
						CreatedOnToolsVersion = 13.1;
					};
				};
			};
			buildConfigurationList = D0480A35274F075200253EEB /* Build configuration list for PBXProject "Algorithm" */;
			compatibilityVersion = "Xcode 13.0";
			developmentRegion = en;
			hasScannedForEncodings = 0;
			knownRegions = (
				en,
				Base,
			);
			mainGroup = D0480A31274F075200253EEB;
			productRefGroup = D0480A3B274F075200253EEB /* Products */;
			projectDirPath = "";
			projectRoot = "";
			targets = (
				D0480A39274F075200253EEB /* Algorithm */,
			);
		};
/* End PBXProject section */

/* Begin PBXSourcesBuildPhase section */
		D0480A36274F075200253EEB /* Sources */ = {
			isa = PBXSourcesBuildPhase;
			buildActionMask = 2147483647;
			files = (
				D0C9EFE72755A91300CB3FA4 /* NotClear.swift in Sources */,
				D0C9EFEC27583D5000CB3FA4 /* DynamicProgramming.swift in Sources */,
				D0C9EFE52755A80000CB3FA4 /* Stack.swift in Sources */,
				D006C2B627504EB800F4AF03 /* 4_Implement.swift in Sources */,
				D0C9EFEA2755C12E00CB3FA4 /* notepad.swift in Sources */,
				613865632759703C003D3007 /* Level2.swift in Sources */,
				D0480A3E274F075200253EEB /* main.swift in Sources */,
				D0F0AB14275879F2003F8C56 /* 5_Search.swift in Sources */,
				D0480A46274F076E00253EEB /* 3_Greedy.swift in Sources */,
				D0F0AB1027584D51003F8C56 /* Greedy.swift in Sources */,
			);
			runOnlyForDeploymentPostprocessing = 0;
		};
/* End PBXSourcesBuildPhase section */

/* Begin XCBuildConfiguration section */
		D0480A3F274F075200253EEB /* Debug */ = {
			isa = XCBuildConfiguration;
			buildSettings = {
				ALWAYS_SEARCH_USER_PATHS = NO;
				CLANG_ANALYZER_NONNULL = YES;
				CLANG_ANALYZER_NUMBER_OBJECT_CONVERSION = YES_AGGRESSIVE;
				CLANG_CXX_LANGUAGE_STANDARD = "gnu++17";
				CLANG_CXX_LIBRARY = "libc++";
				CLANG_ENABLE_MODULES = YES;
				CLANG_ENABLE_OBJC_ARC = YES;
				CLANG_ENABLE_OBJC_WEAK = YES;
				CLANG_WARN_BLOCK_CAPTURE_AUTORELEASING = YES;
				CLANG_WARN_BOOL_CONVERSION = YES;
				CLANG_WARN_COMMA = YES;
				CLANG_WARN_CONSTANT_CONVERSION = YES;
				CLANG_WARN_DEPRECATED_OBJC_IMPLEMENTATIONS = YES;
				CLANG_WARN_DIRECT_OBJC_ISA_USAGE = YES_ERROR;
				CLANG_WARN_DOCUMENTATION_COMMENTS = YES;
				CLANG_WARN_EMPTY_BODY = YES;
				CLANG_WARN_ENUM_CONVERSION = YES;
				CLANG_WARN_INFINITE_RECURSION = YES;
				CLANG_WARN_INT_CONVERSION = YES;
				CLANG_WARN_NON_LITERAL_NULL_CONVERSION = YES;
				CLANG_WARN_OBJC_IMPLICIT_RETAIN_SELF = YES;
				CLANG_WARN_OBJC_LITERAL_CONVERSION = YES;
				CLANG_WARN_OBJC_ROOT_CLASS = YES_ERROR;
				CLANG_WARN_QUOTED_INCLUDE_IN_FRAMEWORK_HEADER = YES;
				CLANG_WARN_RANGE_LOOP_ANALYSIS = YES;
				CLANG_WARN_STRICT_PROTOTYPES = YES;
				CLANG_WARN_SUSPICIOUS_MOVE = YES;
				CLANG_WARN_UNGUARDED_AVAILABILITY = YES_AGGRESSIVE;
				CLANG_WARN_UNREACHABLE_CODE = YES;
				CLANG_WARN__DUPLICATE_METHOD_MATCH = YES;
				COPY_PHASE_STRIP = NO;
				DEBUG_INFORMATION_FORMAT = dwarf;
				ENABLE_STRICT_OBJC_MSGSEND = YES;
				ENABLE_TESTABILITY = YES;
				GCC_C_LANGUAGE_STANDARD = gnu11;
				GCC_DYNAMIC_NO_PIC = NO;
				GCC_NO_COMMON_BLOCKS = YES;
				GCC_OPTIMIZATION_LEVEL = 0;
				GCC_PREPROCESSOR_DEFINITIONS = (
					"DEBUG=1",
					"$(inherited)",
				);
				GCC_WARN_64_TO_32_BIT_CONVERSION = YES;
				GCC_WARN_ABOUT_RETURN_TYPE = YES_ERROR;
				GCC_WARN_UNDECLARED_SELECTOR = YES;
				GCC_WARN_UNINITIALIZED_AUTOS = YES_AGGRESSIVE;
				GCC_WARN_UNUSED_FUNCTION = YES;
				GCC_WARN_UNUSED_VARIABLE = YES;
				MACOSX_DEPLOYMENT_TARGET = 12.0;
				MTL_ENABLE_DEBUG_INFO = INCLUDE_SOURCE;
				MTL_FAST_MATH = YES;
				ONLY_ACTIVE_ARCH = YES;
				SDKROOT = macosx;
				SWIFT_ACTIVE_COMPILATION_CONDITIONS = DEBUG;
				SWIFT_OPTIMIZATION_LEVEL = "-Onone";
			};
			name = Debug;
		};
		D0480A40274F075200253EEB /* Release */ = {
			isa = XCBuildConfiguration;
			buildSettings = {
				ALWAYS_SEARCH_USER_PATHS = NO;
				CLANG_ANALYZER_NONNULL = YES;
				CLANG_ANALYZER_NUMBER_OBJECT_CONVERSION = YES_AGGRESSIVE;
				CLANG_CXX_LANGUAGE_STANDARD = "gnu++17";
				CLANG_CXX_LIBRARY = "libc++";
				CLANG_ENABLE_MODULES = YES;
				CLANG_ENABLE_OBJC_ARC = YES;
				CLANG_ENABLE_OBJC_WEAK = YES;
				CLANG_WARN_BLOCK_CAPTURE_AUTORELEASING = YES;
				CLANG_WARN_BOOL_CONVERSION = YES;
				CLANG_WARN_COMMA = YES;
				CLANG_WARN_CONSTANT_CONVERSION = YES;
				CLANG_WARN_DEPRECATED_OBJC_IMPLEMENTATIONS = YES;
				CLANG_WARN_DIRECT_OBJC_ISA_USAGE = YES_ERROR;
				CLANG_WARN_DOCUMENTATION_COMMENTS = YES;
				CLANG_WARN_EMPTY_BODY = YES;
				CLANG_WARN_ENUM_CONVERSION = YES;
				CLANG_WARN_INFINITE_RECURSION = YES;
				CLANG_WARN_INT_CONVERSION = YES;
				CLANG_WARN_NON_LITERAL_NULL_CONVERSION = YES;
				CLANG_WARN_OBJC_IMPLICIT_RETAIN_SELF = YES;
				CLANG_WARN_OBJC_LITERAL_CONVERSION = YES;
				CLANG_WARN_OBJC_ROOT_CLASS = YES_ERROR;
				CLANG_WARN_QUOTED_INCLUDE_IN_FRAMEWORK_HEADER = YES;
				CLANG_WARN_RANGE_LOOP_ANALYSIS = YES;
				CLANG_WARN_STRICT_PROTOTYPES = YES;
				CLANG_WARN_SUSPICIOUS_MOVE = YES;
				CLANG_WARN_UNGUARDED_AVAILABILITY = YES_AGGRESSIVE;
				CLANG_WARN_UNREACHABLE_CODE = YES;
				CLANG_WARN__DUPLICATE_METHOD_MATCH = YES;
				COPY_PHASE_STRIP = NO;
				DEBUG_INFORMATION_FORMAT = "dwarf-with-dsym";
				ENABLE_NS_ASSERTIONS = NO;
				ENABLE_STRICT_OBJC_MSGSEND = YES;
				GCC_C_LANGUAGE_STANDARD = gnu11;
				GCC_NO_COMMON_BLOCKS = YES;
				GCC_WARN_64_TO_32_BIT_CONVERSION = YES;
				GCC_WARN_ABOUT_RETURN_TYPE = YES_ERROR;
				GCC_WARN_UNDECLARED_SELECTOR = YES;
				GCC_WARN_UNINITIALIZED_AUTOS = YES_AGGRESSIVE;
				GCC_WARN_UNUSED_FUNCTION = YES;
				GCC_WARN_UNUSED_VARIABLE = YES;
				MACOSX_DEPLOYMENT_TARGET = 12.0;
				MTL_ENABLE_DEBUG_INFO = NO;
				MTL_FAST_MATH = YES;
				SDKROOT = macosx;
				SWIFT_COMPILATION_MODE = wholemodule;
				SWIFT_OPTIMIZATION_LEVEL = "-O";
			};
			name = Release;
		};
		D0480A42274F075200253EEB /* Debug */ = {
			isa = XCBuildConfiguration;
			buildSettings = {
				CODE_SIGN_STYLE = Automatic;
				PRODUCT_NAME = "$(TARGET_NAME)";
				SWIFT_VERSION = 5.0;
			};
			name = Debug;
		};
		D0480A43274F075200253EEB /* Release */ = {
			isa = XCBuildConfiguration;
			buildSettings = {
				CODE_SIGN_STYLE = Automatic;
				PRODUCT_NAME = "$(TARGET_NAME)";
				SWIFT_VERSION = 5.0;
			};
			name = Release;
		};
/* End XCBuildConfiguration section */

/* Begin XCConfigurationList section */
		D0480A35274F075200253EEB /* Build configuration list for PBXProject "Algorithm" */ = {
			isa = XCConfigurationList;
			buildConfigurations = (
				D0480A3F274F075200253EEB /* Debug */,
				D0480A40274F075200253EEB /* Release */,
			);
			defaultConfigurationIsVisible = 0;
			defaultConfigurationName = Release;
		};
		D0480A41274F075200253EEB /* Build configuration list for PBXNativeTarget "Algorithm" */ = {
			isa = XCConfigurationList;
			buildConfigurations = (
				D0480A42274F075200253EEB /* Debug */,
				D0480A43274F075200253EEB /* Release */,
			);
			defaultConfigurationIsVisible = 0;
			defaultConfigurationName = Release;
		};
/* End XCConfigurationList section */
	};
	rootObject = D0480A32274F075200253EEB /* Project object */;
}
